
Microsoft Visual Studio Solution File, Format Version 12.00
# Visual Studio Version 17
VisualStudioVersion = 17.10.35013.160
MinimumVisualStudioVersion = 10.0.40219.1
Project("{FAE04EC0-301F-11D3-BF4B-00C04F79EFBC}") = "Examen Segundo Parcial ASPC", "Examen Segundo Parcial ASPC.csproj", "{479C5C01-5E8E-44AE-AAF5-9B818CDA28EF}"
EndProject
Global
	GlobalSection(SolutionConfigurationPlatforms) = preSolution
		Debug|Any CPU = Debug|Any CPU
		Release|Any CPU = Release|Any CPU
	EndGlobalSection
	GlobalSection(ProjectConfigurationPlatforms) = postSolution
		{479C5C01-5E8E-44AE-AAF5-9B818CDA28EF}.Debug|Any CPU.ActiveCfg = Debug|Any CPU
		{479C5C01-5E8E-44AE-AAF5-9B818CDA28EF}.Debug|Any CPU.Build.0 = Debug|Any CPU
		{479C5C01-5E8E-44AE-AAF5-9B818CDA28EF}.Release|Any CPU.ActiveCfg = Release|Any CPU
		{479C5C01-5E8E-44AE-AAF5-9B818CDA28EF}.Release|Any CPU.Build.0 = Release|Any CPU
	EndGlobalSection
	GlobalSection(SolutionProperties) = preSolution
		HideSolutionNode = FALSE
	EndGlobalSection
	GlobalSection(ExtensibilityGlobals) = postSolution
		SolutionGuid = {E263E1BE-34E5-49AD-BCF1-520796288733}
	EndGlobalSection
EndGlobal
